
Microsoft Visual Studio Solution File, Format Version 12.00
# Visual Studio Version 17
VisualStudioVersion = 17.5.002.0
MinimumVisualStudioVersion = 10.0.40219.1
Project("{9A19103F-16F7-4668-BE54-9A1E7A4F7556}") = "Backend", "Backend.csproj", "{5EA1D22E-FB25-4C3A-8CB6-2DDE0F27819A}"
EndProject
Global
	GlobalSection(SolutionConfigurationPlatforms) = preSolution
		Debug|Any CPU = Debug|Any CPU
		Release|Any CPU = Release|Any CPU
	EndGlobalSection
	GlobalSection(ProjectConfigurationPlatforms) = postSolution
		{5EA1D22E-FB25-4C3A-8CB6-2DDE0F27819A}.Debug|Any CPU.ActiveCfg = Debug|Any CPU
		{5EA1D22E-FB25-4C3A-8CB6-2DDE0F27819A}.Debug|Any CPU.Build.0 = Debug|Any CPU
		{5EA1D22E-FB25-4C3A-8CB6-2DDE0F27819A}.Release|Any CPU.ActiveCfg = Release|Any CPU
		{5EA1D22E-FB25-4C3A-8CB6-2DDE0F27819A}.Release|Any CPU.Build.0 = Release|Any CPU
	EndGlobalSection
	GlobalSection(SolutionProperties) = preSolution
		HideSolutionNode = FALSE
	EndGlobalSection
	GlobalSection(ExtensibilityGlobals) = postSolution
		SolutionGuid = {72283063-ED19-4D90-B31F-EF5E701A42DD}
	EndGlobalSection
EndGlobal
